{
  "requires": true,
  "lockfileVersion": 1,
  "dependencies": {
    "@material/animation": {
      "version": "3.1.0",
      "resolved": "http://npm.qycloud.com.cn:4873/@material%2fanimation/-/animation-3.1.0.tgz",
      "integrity": "sha1-qwTnwukqs3Ciso0SrxuIU40jAU8=",
      "requires": {
        "tslib": "^1.9.3"
      }
    },
    "@material/base": {
      "version": "3.1.0",
      "resolved": "http://npm.qycloud.com.cn:4873/@material%2fbase/-/base-3.1.0.tgz",
      "integrity": "sha1-q5M4lqtjkNTh0vl5e3SpD0fbJyo=",
      "requires": {
        "tslib": "^1.9.3"
      }
    },
    "@material/button": {
      "version": "3.2.0",
      "resolved": "http://npm.qycloud.com.cn:4873/@material%2fbutton/-/button-3.2.0.tgz",
      "integrity": "sha1-hZ2c4WTW7lklrA+wSvV+p9kpXG4=",
      "requires": {
        "@material/elevation": "^3.1.0",
        "@material/feature-targeting": "^3.1.0",
        "@material/ripple": "^3.2.0",
        "@material/rtl": "^3.2.0",
        "@material/shape": "^3.1.0",
        "@material/theme": "^3.1.0",
        "@material/typography": "^3.1.0"
      }
    },
    "@material/dom": {
      "version": "3.1.0",
      "resolved": "http://npm.qycloud.com.cn:4873/@material%2fdom/-/dom-3.1.0.tgz",
      "integrity": "sha1-HljK0M1eHZ1vbLB0IuMnrTSp1AU=",
      "requires": {
        "tslib": "^1.9.3"
      }
    },
    "@material/elevation": {
      "version": "3.1.0",
      "resolved": "http://npm.qycloud.com.cn:4873/@material%2felevation/-/elevation-3.1.0.tgz",
      "integrity": "sha1-L8veR2U8wRVRmjmswtBLNOTP8Ss=",
      "requires": {
        "@material/animation": "^3.1.0",
        "@material/feature-targeting": "^3.1.0",
        "@material/theme": "^3.1.0"
      }
    },
    "@material/feature-targeting": {
      "version": "3.1.0",
      "resolved": "http://npm.qycloud.com.cn:4873/@material%2ffeature-targeting/-/feature-targeting-3.1.0.tgz",
      "integrity": "sha1-pvbKzR4Mm2DcgvLzuy3oz9RyJSs="
    },
    "@material/ripple": {
      "version": "3.2.0",
      "resolved": "http://npm.qycloud.com.cn:4873/@material%2fripple/-/ripple-3.2.0.tgz",
      "integrity": "sha1-9LcUg0tzt5OygAJNTrzKAQGN870=",
      "requires": {
        "@material/animation": "^3.1.0",
        "@material/base": "^3.1.0",
        "@material/dom": "^3.1.0",
        "@material/feature-targeting": "^3.1.0",
        "@material/theme": "^3.1.0",
        "tslib": "^1.9.3"
      }
    },
    "@material/rtl": {
      "version": "3.2.0",
      "resolved": "http://npm.qycloud.com.cn:4873/@material%2frtl/-/rtl-3.2.0.tgz",
      "integrity": "sha1-Cy9zIUYxAGdN+/RQe1TM0FLwU3g="
    },
    "@material/shape": {
      "version": "3.1.0",
      "resolved": "http://npm.qycloud.com.cn:4873/@material%2fshape/-/shape-3.1.0.tgz",
      "integrity": "sha1-fMrGYG0K5Ft3mz5SuJIcCcKy9Ck=",
      "requires": {
        "@material/feature-targeting": "^3.1.0"
      }
    },
    "@material/theme": {
      "version": "3.1.0",
      "resolved": "http://npm.qycloud.com.cn:4873/@material%2ftheme/-/theme-3.1.0.tgz",
      "integrity": "sha1-0xFHu8niC9qj4yLJ6Jjk/JiAfYw=",
      "requires": {
        "@material/feature-targeting": "^3.1.0"
      }
    },
    "@material/typography": {
      "version": "3.1.0",
      "resolved": "http://npm.qycloud.com.cn:4873/@material%2ftypography/-/typography-3.1.0.tgz",
      "integrity": "sha1-WjruMfSfa4yH68kbd8W4lrKAxJI=",
      "requires": {
        "@material/feature-targeting": "^3.1.0"
      }
    },
    "tslib": {
      "version": "1.10.0",
      "resolved": "http://npm.qycloud.com.cn:4873/tslib/-/tslib-1.10.0.tgz",
      "integrity": "sha512-qOebF53frne81cf0S9B41ByenJ3/IuH8yJKngAX35CmiZySA0khhkovshKK+jGCaMnVomla7gVlIcc3EvKPbTQ=="
    }
  }
}
